// !$*UTF8*$!
{
	archiveVersion = 1;
	classes = {
	};
	objectVersion = 50;
	objects = {

/* Begin PBXBuildFile section */
		15392AAC2641DB60007B4D11 /* AppDelegate.swift in Sources */ = {isa = PBXBuildFile; fileRef = 15392AAB2641DB60007B4D11 /* AppDelegate.swift */; };
		15392AB02641DB60007B4D11 /* ViewController.swift in Sources */ = {isa = PBXBuildFile; fileRef = 15392AAF2641DB60007B4D11 /* ViewController.swift */; };
		15392AB52641DB71007B4D11 /* Assets.xcassets in Resources */ = {isa = PBXBuildFile; fileRef = 15392AB42641DB71007B4D11 /* Assets.xcassets */; };
		15392AB82641DB71007B4D11 /* LaunchScreen.storyboard in Resources */ = {isa = PBXBuildFile; fileRef = 15392AB62641DB71007B4D11 /* LaunchScreen.storyboard */; };
		15392AC32641DB74007B4D11 /* TrakerTestTests.swift in Sources */ = {isa = PBXBuildFile; fileRef = 15392AC22641DB74007B4D11 /* TrakerTestTests.swift */; };
		15392ACE2641DB74007B4D11 /* TrakerTestUITests.swift in Sources */ = {isa = PBXBuildFile; fileRef = 15392ACD2641DB74007B4D11 /* TrakerTestUITests.swift */; };
		15392AEA2641E636007B4D11 /* TaxProgressViewController.swift in Sources */ = {isa = PBXBuildFile; fileRef = 15392AE92641E636007B4D11 /* TaxProgressViewController.swift */; };
		155DA125264288E8009AA84A /* UserTaxCell.swift in Sources */ = {isa = PBXBuildFile; fileRef = 155DA124264288E8009AA84A /* UserTaxCell.swift */; };
		155DA12A26429248009AA84A /* User.swift in Sources */ = {isa = PBXBuildFile; fileRef = 155DA12926429248009AA84A /* User.swift */; };
/* End PBXBuildFile section */

/* Begin PBXContainerItemProxy section */
		15392ABF2641DB74007B4D11 /* PBXContainerItemProxy */ = {
			isa = PBXContainerItemProxy;
			containerPortal = 15392AA02641DB60007B4D11 /* Project object */;
			proxyType = 1;
			remoteGlobalIDString = 15392AA72641DB60007B4D11;
			remoteInfo = TrakerTest;
		};
		15392ACA2641DB74007B4D11 /* PBXContainerItemProxy */ = {
			isa = PBXContainerItemProxy;
			containerPortal = 15392AA02641DB60007B4D11 /* Project object */;
			proxyType = 1;
			remoteGlobalIDString = 15392AA72641DB60007B4D11;
			remoteInfo = TrakerTest;
		};
/* End PBXContainerItemProxy section */

/* Begin PBXFileReference section */
		15392AA82641DB60007B4D11 /* TrakerTest.app */ = {isa = PBXFileReference; explicitFileType = wrapper.application; includeInIndex = 0; path = TrakerTest.app; sourceTree = BUILT_PRODUCTS_DIR; };
		15392AAB2641DB60007B4D11 /* AppDelegate.swift */ = {isa = PBXFileReference; lastKnownFileType = sourcecode.swift; path = AppDelegate.swift; sourceTree = "<group>"; };
		15392AAF2641DB60007B4D11 /* ViewController.swift */ = {isa = PBXFileReference; lastKnownFileType = sourcecode.swift; path = ViewController.swift; sourceTree = "<group>"; };
		15392AB42641DB71007B4D11 /* Assets.xcassets */ = {isa = PBXFileReference; lastKnownFileType = folder.assetcatalog; path = Assets.xcassets; sourceTree = "<group>"; };
		15392AB72641DB71007B4D11 /* Base */ = {isa = PBXFileReference; lastKnownFileType = file.storyboard; name = Base; path = Base.lproj/LaunchScreen.storyboard; sourceTree = "<group>"; };
		15392AB92641DB71007B4D11 /* Info.plist */ = {isa = PBXFileReference; lastKnownFileType = text.plist.xml; path = Info.plist; sourceTree = "<group>"; };
		15392ABE2641DB74007B4D11 /* TrakerTestTests.xctest */ = {isa = PBXFileReference; explicitFileType = wrapper.cfbundle; includeInIndex = 0; path = TrakerTestTests.xctest; sourceTree = BUILT_PRODUCTS_DIR; };
		15392AC22641DB74007B4D11 /* TrakerTestTests.swift */ = {isa = PBXFileReference; lastKnownFileType = sourcecode.swift; path = TrakerTestTests.swift; sourceTree = "<group>"; };
		15392AC42641DB74007B4D11 /* Info.plist */ = {isa = PBXFileReference; lastKnownFileType = text.plist.xml; path = Info.plist; sourceTree = "<group>"; };
		15392AC92641DB74007B4D11 /* TrakerTestUITests.xctest */ = {isa = PBXFileReference; explicitFileType = wrapper.cfbundle; includeInIndex = 0; path = TrakerTestUITests.xctest; sourceTree = BUILT_PRODUCTS_DIR; };
		15392ACD2641DB74007B4D11 /* TrakerTestUITests.swift */ = {isa = PBXFileReference; lastKnownFileType = sourcecode.swift; path = TrakerTestUITests.swift; sourceTree = "<group>"; };
		15392ACF2641DB74007B4D11 /* Info.plist */ = {isa = PBXFileReference; lastKnownFileType = text.plist.xml; path = Info.plist; sourceTree = "<group>"; };
		15392AE92641E636007B4D11 /* TaxProgressViewController.swift */ = {isa = PBXFileReference; lastKnownFileType = sourcecode.swift; path = TaxProgressViewController.swift; sourceTree = "<group>"; };
		155DA124264288E8009AA84A /* UserTaxCell.swift */ = {isa = PBXFileReference; lastKnownFileType = sourcecode.swift; path = UserTaxCell.swift; sourceTree = "<group>"; };
		155DA12926429248009AA84A /* User.swift */ = {isa = PBXFileReference; lastKnownFileType = sourcecode.swift; path = User.swift; sourceTree = "<group>"; };
/* End PBXFileReference section */

/* Begin PBXFrameworksBuildPhase section */
		15392AA52641DB60007B4D11 /* Frameworks */ = {
			isa = PBXFrameworksBuildPhase;
			buildActionMask = 2147483647;
			files = (
			);
			runOnlyForDeploymentPostprocessing = 0;
		};
		15392ABB2641DB74007B4D11 /* Frameworks */ = {
			isa = PBXFrameworksBuildPhase;
			buildActionMask = 2147483647;
			files = (
			);
			runOnlyForDeploymentPostprocessing = 0;
		};
		15392AC62641DB74007B4D11 /* Frameworks */ = {
			isa = PBXFrameworksBuildPhase;
			buildActionMask = 2147483647;
			files = (
			);
			runOnlyForDeploymentPostprocessing = 0;
		};
/* End PBXFrameworksBuildPhase section */

/* Begin PBXGroup section */
		15392A9F2641DB60007B4D11 = {
			isa = PBXGroup;
			children = (
				15392AAA2641DB60007B4D11 /* TrakerTest */,
				15392AC12641DB74007B4D11 /* TrakerTestTests */,
				15392ACC2641DB74007B4D11 /* TrakerTestUITests */,
				15392AA92641DB60007B4D11 /* Products */,
			);
			sourceTree = "<group>";
		};
		15392AA92641DB60007B4D11 /* Products */ = {
			isa = PBXGroup;
			children = (
				15392AA82641DB60007B4D11 /* TrakerTest.app */,
				15392ABE2641DB74007B4D11 /* TrakerTestTests.xctest */,
				15392AC92641DB74007B4D11 /* TrakerTestUITests.xctest */,
			);
			name = Products;
			sourceTree = "<group>";
		};
		15392AAA2641DB60007B4D11 /* TrakerTest */ = {
			isa = PBXGroup;
			children = (
				155DA1232642884E009AA84A /* Model */,
				155DA12226428846009AA84A /* View */,
				15392AAB2641DB60007B4D11 /* AppDelegate.swift */,
				15392AB42641DB71007B4D11 /* Assets.xcassets */,
				15392AB62641DB71007B4D11 /* LaunchScreen.storyboard */,
				15392AB92641DB71007B4D11 /* Info.plist */,
				15392AE92641E636007B4D11 /* TaxProgressViewController.swift */,
			);
			path = TrakerTest;
			sourceTree = "<group>";
		};
		15392AC12641DB74007B4D11 /* TrakerTestTests */ = {
			isa = PBXGroup;
			children = (
				15392AC22641DB74007B4D11 /* TrakerTestTests.swift */,
				15392AC42641DB74007B4D11 /* Info.plist */,
			);
			path = TrakerTestTests;
			sourceTree = "<group>";
		};
		15392ACC2641DB74007B4D11 /* TrakerTestUITests */ = {
			isa = PBXGroup;
			children = (
				15392ACD2641DB74007B4D11 /* TrakerTestUITests.swift */,
				15392ACF2641DB74007B4D11 /* Info.plist */,
			);
			path = TrakerTestUITests;
			sourceTree = "<group>";
		};
		155DA12226428846009AA84A /* View */ = {
			isa = PBXGroup;
			children = (
				155DA124264288E8009AA84A /* UserTaxCell.swift */,
				15392AAF2641DB60007B4D11 /* ViewController.swift */,
			);
			path = View;
			sourceTree = "<group>";
		};
		155DA1232642884E009AA84A /* Model */ = {
			isa = PBXGroup;
			children = (
				155DA12926429248009AA84A /* User.swift */,
			);
			path = Model;
			sourceTree = "<group>";
		};
/* End PBXGroup section */

/* Begin PBXNativeTarget section */
		15392AA72641DB60007B4D11 /* TrakerTest */ = {
			isa = PBXNativeTarget;
			buildConfigurationList = 15392AD22641DB75007B4D11 /* Build configuration list for PBXNativeTarget "TrakerTest" */;
			buildPhases = (
				15392AA42641DB60007B4D11 /* Sources */,
				15392AA52641DB60007B4D11 /* Frameworks */,
				15392AA62641DB60007B4D11 /* Resources */,
			);
			buildRules = (
			);
			dependencies = (
			);
			name = TrakerTest;
			productName = TrakerTest;
			productReference = 15392AA82641DB60007B4D11 /* TrakerTest.app */;
			productType = "com.apple.product-type.application";
		};
		15392ABD2641DB74007B4D11 /* TrakerTestTests */ = {
			isa = PBXNativeTarget;
			buildConfigurationList = 15392AD52641DB75007B4D11 /* Build configuration list for PBXNativeTarget "TrakerTestTests" */;
			buildPhases = (
				15392ABA2641DB74007B4D11 /* Sources */,
				15392ABB2641DB74007B4D11 /* Frameworks */,
				15392ABC2641DB74007B4D11 /* Resources */,
			);
			buildRules = (
			);
			dependencies = (
				15392AC02641DB74007B4D11 /* PBXTargetDependency */,
			);
			name = TrakerTestTests;
			productName = TrakerTestTests;
			productReference = 15392ABE2641DB74007B4D11 /* TrakerTestTests.xctest */;
			productType = "com.apple.product-type.bundle.unit-test";
		};
		15392AC82641DB74007B4D11 /* TrakerTestUITests */ = {
			isa = PBXNativeTarget;
			buildConfigurationList = 15392AD82641DB75007B4D11 /* Build configuration list for PBXNativeTarget "TrakerTestUITests" */;
			buildPhases = (
				15392AC52641DB74007B4D11 /* Sources */,
				15392AC62641DB74007B4D11 /* Frameworks */,
				15392AC72641DB74007B4D11 /* Resources */,
			);
			buildRules = (
			);
			dependencies = (
				15392ACB2641DB74007B4D11 /* PBXTargetDependency */,
			);
			name = TrakerTestUITests;
			productName = TrakerTestUITests;
			productReference = 15392AC92641DB74007B4D11 /* TrakerTestUITests.xctest */;
			productType = "com.apple.product-type.bundle.ui-testing";
		};
/* End PBXNativeTarget section */

/* Begin PBXProject section */
		15392AA02641DB60007B4D11 /* Project object */ = {
			isa = PBXProject;
			attributes = {
				LastSwiftUpdateCheck = 1230;
				LastUpgradeCheck = 1230;
				TargetAttributes = {
					15392AA72641DB60007B4D11 = {
						CreatedOnToolsVersion = 12.3;
					};
					15392ABD2641DB74007B4D11 = {
						CreatedOnToolsVersion = 12.3;
						TestTargetID = 15392AA72641DB60007B4D11;
					};
					15392AC82641DB74007B4D11 = {
						CreatedOnToolsVersion = 12.3;
						TestTargetID = 15392AA72641DB60007B4D11;
					};
				};
			};
			buildConfigurationList = 15392AA32641DB60007B4D11 /* Build configuration list for PBXProject "TrakerTest" */;
			compatibilityVersion = "Xcode 9.3";
			developmentRegion = en;
			hasScannedForEncodings = 0;
			knownRegions = (
				en,
				Base,
			);
			mainGroup = 15392A9F2641DB60007B4D11;
			productRefGroup = 15392AA92641DB60007B4D11 /* Products */;
			projectDirPath = "";
			projectRoot = "";
			targets = (
				15392AA72641DB60007B4D11 /* TrakerTest */,
				15392ABD2641DB74007B4D11 /* TrakerTestTests */,
				15392AC82641DB74007B4D11 /* TrakerTestUITests */,
			);
		};
/* End PBXProject section */

/* Begin PBXResourcesBuildPhase section */
		15392AA62641DB60007B4D11 /* Resources */ = {
			isa = PBXResourcesBuildPhase;
			buildActionMask = 2147483647;
			files = (
				15392AB82641DB71007B4D11 /* LaunchScreen.storyboard in Resources */,
				15392AB52641DB71007B4D11 /* Assets.xcassets in Resources */,
			);
			runOnlyForDeploymentPostprocessing = 0;
		};
		15392ABC2641DB74007B4D11 /* Resources */ = {
			isa = PBXResourcesBuildPhase;
			buildActionMask = 2147483647;
			files = (
			);
			runOnlyForDeploymentPostprocessing = 0;
		};
		15392AC72641DB74007B4D11 /* Resources */ = {
			isa = PBXResourcesBuildPhase;
			buildActionMask = 2147483647;
			files = (
			);
			runOnlyForDeploymentPostprocessing = 0;
		};
/* End PBXResourcesBuildPhase section */

/* Begin PBXSourcesBuildPhase section */
		15392AA42641DB60007B4D11 /* Sources */ = {
			isa = PBXSourcesBuildPhase;
			buildActionMask = 2147483647;
			files = (
				15392AB02641DB60007B4D11 /* ViewController.swift in Sources */,
				155DA125264288E8009AA84A /* UserTaxCell.swift in Sources */,
				155DA12A26429248009AA84A /* User.swift in Sources */,
				15392AAC2641DB60007B4D11 /* AppDelegate.swift in Sources */,
				15392AEA2641E636007B4D11 /* TaxProgressViewController.swift in Sources */,
			);
			runOnlyForDeploymentPostprocessing = 0;
		};
		15392ABA2641DB74007B4D11 /* Sources */ = {
			isa = PBXSourcesBuildPhase;
			buildActionMask = 2147483647;
			files = (
				15392AC32641DB74007B4D11 /* TrakerTestTests.swift in Sources */,
			);
			runOnlyForDeploymentPostprocessing = 0;
		};
		15392AC52641DB74007B4D11 /* Sources */ = {
			isa = PBXSourcesBuildPhase;
			buildActionMask = 2147483647;
			files = (
				15392ACE2641DB74007B4D11 /* TrakerTestUITests.swift in Sources */,
			);
			runOnlyForDeploymentPostprocessing = 0;
		};
/* End PBXSourcesBuildPhase section */

/* Begin PBXTargetDependency section */
		15392AC02641DB74007B4D11 /* PBXTargetDependency */ = {
			isa = PBXTargetDependency;
			target = 15392AA72641DB60007B4D11 /* TrakerTest */;
			targetProxy = 15392ABF2641DB74007B4D11 /* PBXContainerItemProxy */;
		};
		15392ACB2641DB74007B4D11 /* PBXTargetDependency */ = {
			isa = PBXTargetDependency;
			target = 15392AA72641DB60007B4D11 /* TrakerTest */;
			targetProxy = 15392ACA2641DB74007B4D11 /* PBXContainerItemProxy */;
		};
/* End PBXTargetDependency section */

/* Begin PBXVariantGroup section */
		15392AB62641DB71007B4D11 /* LaunchScreen.storyboard */ = {
			isa = PBXVariantGroup;
			children = (
				15392AB72641DB71007B4D11 /* Base */,
			);
			name = LaunchScreen.storyboard;
			sourceTree = "<group>";
		};
/* End PBXVariantGroup section */

/* Begin XCBuildConfiguration section */
		15392AD02641DB74007B4D11 /* Debug */ = {
			isa = XCBuildConfiguration;
			buildSettings = {
				ALWAYS_SEARCH_USER_PATHS = NO;
				CLANG_ANALYZER_NONNULL = YES;
				CLANG_ANALYZER_NUMBER_OBJECT_CONVERSION = YES_AGGRESSIVE;
				CLANG_CXX_LANGUAGE_STANDARD = "gnu++14";
				CLANG_CXX_LIBRARY = "libc++";
				CLANG_ENABLE_MODULES = YES;
				CLANG_ENABLE_OBJC_ARC = YES;
				CLANG_ENABLE_OBJC_WEAK = YES;
				CLANG_WARN_BLOCK_CAPTURE_AUTORELEASING = YES;
				CLANG_WARN_BOOL_CONVERSION = YES;
				CLANG_WARN_COMMA = YES;
				CLANG_WARN_CONSTANT_CONVERSION = YES;
				CLANG_WARN_DEPRECATED_OBJC_IMPLEMENTATIONS = YES;
				CLANG_WARN_DIRECT_OBJC_ISA_USAGE = YES_ERROR;
				CLANG_WARN_DOCUMENTATION_COMMENTS = YES;
				CLANG_WARN_EMPTY_BODY = YES;
				CLANG_WARN_ENUM_CONVERSION = YES;
				CLANG_WARN_INFINITE_RECURSION = YES;
				CLANG_WARN_INT_CONVERSION = YES;
				CLANG_WARN_NON_LITERAL_NULL_CONVERSION = YES;
				CLANG_WARN_OBJC_IMPLICIT_RETAIN_SELF = YES;
				CLANG_WARN_OBJC_LITERAL_CONVERSION = YES;
				CLANG_WARN_OBJC_ROOT_CLASS = YES_ERROR;
				CLANG_WARN_QUOTED_INCLUDE_IN_FRAMEWORK_HEADER = YES;
				CLANG_WARN_RANGE_LOOP_ANALYSIS = YES;
				CLANG_WARN_STRICT_PROTOTYPES = YES;
				CLANG_WARN_SUSPICIOUS_MOVE = YES;
				CLANG_WARN_UNGUARDED_AVAILABILITY = YES_AGGRESSIVE;
				CLANG_WARN_UNREACHABLE_CODE = YES;
				CLANG_WARN__DUPLICATE_METHOD_MATCH = YES;
				COPY_PHASE_STRIP = NO;
				DEBUG_INFORMATION_FORMAT = dwarf;
				ENABLE_STRICT_OBJC_MSGSEND = YES;
				ENABLE_TESTABILITY = YES;
				GCC_C_LANGUAGE_STANDARD = gnu11;
				GCC_DYNAMIC_NO_PIC = NO;
				GCC_NO_COMMON_BLOCKS = YES;
				GCC_OPTIMIZATION_LEVEL = 0;
				GCC_PREPROCESSOR_DEFINITIONS = (
					"DEBUG=1",
					"$(inherited)",
				);
				GCC_WARN_64_TO_32_BIT_CONVERSION = YES;
				GCC_WARN_ABOUT_RETURN_TYPE = YES_ERROR;
				GCC_WARN_UNDECLARED_SELECTOR = YES;
				GCC_WARN_UNINITIALIZED_AUTOS = YES_AGGRESSIVE;
				GCC_WARN_UNUSED_FUNCTION = YES;
				GCC_WARN_UNUSED_VARIABLE = YES;
				IPHONEOS_DEPLOYMENT_TARGET = 14.3;
				MTL_ENABLE_DEBUG_INFO = INCLUDE_SOURCE;
				MTL_FAST_MATH = YES;
				ONLY_ACTIVE_ARCH = YES;
				SDKROOT = iphoneos;
				SWIFT_ACTIVE_COMPILATION_CONDITIONS = DEBUG;
				SWIFT_OPTIMIZATION_LEVEL = "-Onone";
			};
			name = Debug;
		};
		15392AD12641DB75007B4D11 /* Release */ = {
			isa = XCBuildConfiguration;
			buildSettings = {
				ALWAYS_SEARCH_USER_PATHS = NO;
				CLANG_ANALYZER_NONNULL = YES;
				CLANG_ANALYZER_NUMBER_OBJECT_CONVERSION = YES_AGGRESSIVE;
				CLANG_CXX_LANGUAGE_STANDARD = "gnu++14";
				CLANG_CXX_LIBRARY = "libc++";
				CLANG_ENABLE_MODULES = YES;
				CLANG_ENABLE_OBJC_ARC = YES;
				CLANG_ENABLE_OBJC_WEAK = YES;
				CLANG_WARN_BLOCK_CAPTURE_AUTORELEASING = YES;
				CLANG_WARN_BOOL_CONVERSION = YES;
				CLANG_WARN_COMMA = YES;
				CLANG_WARN_CONSTANT_CONVERSION = YES;
				CLANG_WARN_DEPRECATED_OBJC_IMPLEMENTATIONS = YES;
				CLANG_WARN_DIRECT_OBJC_ISA_USAGE = YES_ERROR;
				CLANG_WARN_DOCUMENTATION_COMMENTS = YES;
				CLANG_WARN_EMPTY_BODY = YES;
				CLANG_WARN_ENUM_CONVERSION = YES;
				CLANG_WARN_INFINITE_RECURSION = YES;
				CLANG_WARN_INT_CONVERSION = YES;
				CLANG_WARN_NON_LITERAL_NULL_CONVERSION = YES;
				CLANG_WARN_OBJC_IMPLICIT_RETAIN_SELF = YES;
				CLANG_WARN_OBJC_LITERAL_CONVERSION = YES;
				CLANG_WARN_OBJC_ROOT_CLASS = YES_ERROR;
				CLANG_WARN_QUOTED_INCLUDE_IN_FRAMEWORK_HEADER = YES;
				CLANG_WARN_RANGE_LOOP_ANALYSIS = YES;
				CLANG_WARN_STRICT_PROTOTYPES = YES;
				CLANG_WARN_SUSPICIOUS_MOVE = YES;
				CLANG_WARN_UNGUARDED_AVAILABILITY = YES_AGGRESSIVE;
				CLANG_WARN_UNREACHABLE_CODE = YES;
				CLANG_WARN__DUPLICATE_METHOD_MATCH = YES;
				COPY_PHASE_STRIP = NO;
				DEBUG_INFORMATION_FORMAT = "dwarf-with-dsym";
				ENABLE_NS_ASSERTIONS = NO;
				ENABLE_STRICT_OBJC_MSGSEND = YES;
				GCC_C_LANGUAGE_STANDARD = gnu11;
				GCC_NO_COMMON_BLOCKS = YES;
				GCC_WARN_64_TO_32_BIT_CONVERSION = YES;
				GCC_WARN_ABOUT_RETURN_TYPE = YES_ERROR;
				GCC_WARN_UNDECLARED_SELECTOR = YES;
				GCC_WARN_UNINITIALIZED_AUTOS = YES_AGGRESSIVE;
				GCC_WARN_UNUSED_FUNCTION = YES;
				GCC_WARN_UNUSED_VARIABLE = YES;
				IPHONEOS_DEPLOYMENT_TARGET = 14.3;
				MTL_ENABLE_DEBUG_INFO = NO;
				MTL_FAST_MATH = YES;
				SDKROOT = iphoneos;
				SWIFT_COMPILATION_MODE = wholemodule;
				SWIFT_OPTIMIZATION_LEVEL = "-O";
				VALIDATE_PRODUCT = YES;
			};
			name = Release;
		};
		15392AD32641DB75007B4D11 /* Debug */ = {
			isa = XCBuildConfiguration;
			buildSettings = {
				ASSETCATALOG_COMPILER_APPICON_NAME = AppIcon;
				ASSETCATALOG_COMPILER_GLOBAL_ACCENT_COLOR_NAME = AccentColor;
				CODE_SIGN_STYLE = Automatic;
				DEVELOPMENT_TEAM = 62NDBB9Z64;
				INFOPLIST_FILE = TrakerTest/Info.plist;
				LD_RUNPATH_SEARCH_PATHS = (
					"$(inherited)",
					"@executable_path/Frameworks",
				);
				PRODUCT_BUNDLE_IDENTIFIER = com.twang.TrakerTest;
				PRODUCT_NAME = "$(TARGET_NAME)";
				SWIFT_VERSION = 5.0;
				TARGETED_DEVICE_FAMILY = "1,2";
			};
			name = Debug;
		};
		15392AD42641DB75007B4D11 /* Release */ = {
			isa = XCBuildConfiguration;
			buildSettings = {
				ASSETCATALOG_COMPILER_APPICON_NAME = AppIcon;
				ASSETCATALOG_COMPILER_GLOBAL_ACCENT_COLOR_NAME = AccentColor;
				CODE_SIGN_STYLE = Automatic;
				DEVELOPMENT_TEAM = 62NDBB9Z64;
				INFOPLIST_FILE = TrakerTest/Info.plist;
				LD_RUNPATH_SEARCH_PATHS = (
					"$(inherited)",
					"@executable_path/Frameworks",
				);
				PRODUCT_BUNDLE_IDENTIFIER = com.twang.TrakerTest;
				PRODUCT_NAME = "$(TARGET_NAME)";
				SWIFT_VERSION = 5.0;
				TARGETED_DEVICE_FAMILY = "1,2";
			};
			name = Release;
		};
		15392AD62641DB75007B4D11 /* Debug */ = {
			isa = XCBuildConfiguration;
			buildSettings = {
				ALWAYS_EMBED_SWIFT_STANDARD_LIBRARIES = YES;
				BUNDLE_LOADER = "$(TEST_HOST)";
				CODE_SIGN_STYLE = Automatic;
				DEVELOPMENT_TEAM = 62NDBB9Z64;
				INFOPLIST_FILE = TrakerTestTests/Info.plist;
				IPHONEOS_DEPLOYMENT_TARGET = 14.3;
				LD_RUNPATH_SEARCH_PATHS = (
					"$(inherited)",
					"@executable_path/Frameworks",
					"@loader_path/Frameworks",
				);
				PRODUCT_BUNDLE_IDENTIFIER = com.twang.TrakerTestTests;
				PRODUCT_NAME = "$(TARGET_NAME)";
				SWIFT_VERSION = 5.0;
				TARGETED_DEVICE_FAMILY = "1,2";
				TEST_HOST = "$(BUILT_PRODUCTS_DIR)/TrakerTest.app/TrakerTest";
			};
			name = Debug;
		};
		15392AD72641DB75007B4D11 /* Release */ = {
			isa = XCBuildConfiguration;
			buildSettings = {
				ALWAYS_EMBED_SWIFT_STANDARD_LIBRARIES = YES;
				BUNDLE_LOADER = "$(TEST_HOST)";
				CODE_SIGN_STYLE = Automatic;
				DEVELOPMENT_TEAM = 62NDBB9Z64;
				INFOPLIST_FILE = TrakerTestTests/Info.plist;
				IPHONEOS_DEPLOYMENT_TARGET = 14.3;
				LD_RUNPATH_SEARCH_PATHS = (
					"$(inherited)",
					"@executable_path/Frameworks",
					"@loader_path/Frameworks",
				);
				PRODUCT_BUNDLE_IDENTIFIER = com.twang.TrakerTestTests;
				PRODUCT_NAME = "$(TARGET_NAME)";
				SWIFT_VERSION = 5.0;
				TARGETED_DEVICE_FAMILY = "1,2";
				TEST_HOST = "$(BUILT_PRODUCTS_DIR)/TrakerTest.app/TrakerTest";
			};
			name = Release;
		};
		15392AD92641DB75007B4D11 /* Debug */ = {
			isa = XCBuildConfiguration;
			buildSettings = {
				ALWAYS_EMBED_SWIFT_STANDARD_LIBRARIES = YES;
				CODE_SIGN_STYLE = Automatic;
				DEVELOPMENT_TEAM = 62NDBB9Z64;
				INFOPLIST_FILE = TrakerTestUITests/Info.plist;
				LD_RUNPATH_SEARCH_PATHS = (
					"$(inherited)",
					"@executable_path/Frameworks",
					"@loader_path/Frameworks",
				);
				PRODUCT_BUNDLE_IDENTIFIER = com.twang.TrakerTestUITests;
				PRODUCT_NAME = "$(TARGET_NAME)";
				SWIFT_VERSION = 5.0;
				TARGETED_DEVICE_FAMILY = "1,2";
				TEST_TARGET_NAME = TrakerTest;
			};
			name = Debug;
		};
		15392ADA2641DB75007B4D11 /* Release */ = {
			isa = XCBuildConfiguration;
			buildSettings = {
				ALWAYS_EMBED_SWIFT_STANDARD_LIBRARIES = YES;
				CODE_SIGN_STYLE = Automatic;
				DEVELOPMENT_TEAM = 62NDBB9Z64;
				INFOPLIST_FILE = TrakerTestUITests/Info.plist;
				LD_RUNPATH_SEARCH_PATHS = (
					"$(inherited)",
					"@executable_path/Frameworks",
					"@loader_path/Frameworks",
				);
				PRODUCT_BUNDLE_IDENTIFIER = com.twang.TrakerTestUITests;
				PRODUCT_NAME = "$(TARGET_NAME)";
				SWIFT_VERSION = 5.0;
				TARGETED_DEVICE_FAMILY = "1,2";
				TEST_TARGET_NAME = TrakerTest;
			};
			name = Release;
		};
/* End XCBuildConfiguration section */

/* Begin XCConfigurationList section */
		15392AA32641DB60007B4D11 /* Build configuration list for PBXProject "TrakerTest" */ = {
			isa = XCConfigurationList;
			buildConfigurations = (
				15392AD02641DB74007B4D11 /* Debug */,
				15392AD12641DB75007B4D11 /* Release */,
			);
			defaultConfigurationIsVisible = 0;
			defaultConfigurationName = Release;
		};
		15392AD22641DB75007B4D11 /* Build configuration list for PBXNativeTarget "TrakerTest" */ = {
			isa = XCConfigurationList;
			buildConfigurations = (
				15392AD32641DB75007B4D11 /* Debug */,
				15392AD42641DB75007B4D11 /* Release */,
			);
			defaultConfigurationIsVisible = 0;
			defaultConfigurationName = Release;
		};
		15392AD52641DB75007B4D11 /* Build configuration list for PBXNativeTarget "TrakerTestTests" */ = {
			isa = XCConfigurationList;
			buildConfigurations = (
				15392AD62641DB75007B4D11 /* Debug */,
				15392AD72641DB75007B4D11 /* Release */,
			);
			defaultConfigurationIsVisible = 0;
			defaultConfigurationName = Release;
		};
		15392AD82641DB75007B4D11 /* Build configuration list for PBXNativeTarget "TrakerTestUITests" */ = {
			isa = XCConfigurationList;
			buildConfigurations = (
				15392AD92641DB75007B4D11 /* Debug */,
				15392ADA2641DB75007B4D11 /* Release */,
			);
			defaultConfigurationIsVisible = 0;
			defaultConfigurationName = Release;
		};
/* End XCConfigurationList section */
	};
	rootObject = 15392AA02641DB60007B4D11 /* Project object */;
}
